
Microsoft Visual Studio Solution File, Format Version 12.00
# Visual Studio Version 17
VisualStudioVersion = 17.8.34330.188
MinimumVisualStudioVersion = 10.0.40219.1
Project("{FAE04EC0-301F-11D3-BF4B-00C04F79EFBC}") = "CSV to ADIF Converter", "CSV to ADIF Converter\CSV to ADIF Converter.csproj", "{AF25377D-9614-4D48-970A-5284E839B491}"
EndProject
Project("{FAE04EC0-301F-11D3-BF4B-00C04F79EFBC}") = "CSV to ADIF Converter_Logic", "CSV to ADIF Converter_Logic\CSV to ADIF Converter_Logic.csproj", "{6DC179D7-A36A-497B-952E-BDDF5C7D3249}"
EndProject
Global
	GlobalSection(SolutionConfigurationPlatforms) = preSolution
		Debug|Any CPU = Debug|Any CPU
		Release|Any CPU = Release|Any CPU
	EndGlobalSection
	GlobalSection(ProjectConfigurationPlatforms) = postSolution
		{AF25377D-9614-4D48-970A-5284E839B491}.Debug|Any CPU.ActiveCfg = Debug|Any CPU
		{AF25377D-9614-4D48-970A-5284E839B491}.Debug|Any CPU.Build.0 = Debug|Any CPU
		{AF25377D-9614-4D48-970A-5284E839B491}.Release|Any CPU.ActiveCfg = Release|Any CPU
		{AF25377D-9614-4D48-970A-5284E839B491}.Release|Any CPU.Build.0 = Release|Any CPU
		{6DC179D7-A36A-497B-952E-BDDF5C7D3249}.Debug|Any CPU.ActiveCfg = Debug|Any CPU
		{6DC179D7-A36A-497B-952E-BDDF5C7D3249}.Debug|Any CPU.Build.0 = Debug|Any CPU
		{6DC179D7-A36A-497B-952E-BDDF5C7D3249}.Release|Any CPU.ActiveCfg = Release|Any CPU
		{6DC179D7-A36A-497B-952E-BDDF5C7D3249}.Release|Any CPU.Build.0 = Release|Any CPU
	EndGlobalSection
	GlobalSection(SolutionProperties) = preSolution
		HideSolutionNode = FALSE
	EndGlobalSection
	GlobalSection(ExtensibilityGlobals) = postSolution
		SolutionGuid = {078CFCF2-58FF-4F2B-AB8B-727A70D61B51}
	EndGlobalSection
EndGlobal
